# THIS IS AN AUTOGENERATED FILE. DO NOT EDIT THIS FILE DIRECTLY.
# yarn lockfile v1


"@types/prop-types@*":
  version "15.7.5"
  resolved "https://registry.npmjs.org/@types/prop-types/-/prop-types-15.7.5.tgz"
  integrity sha512-JCB8C6SnDoQf0cNycqd/35A7MjcnK+ZTqE7judS6o7utxUCg6imJg3QK2qzHKszlTjcj2cn+NwMB2i96ubpj7w==

"@types/ramda@^0.29.6":
  version "0.29.6"
  resolved "https://registry.yarnpkg.com/@types/ramda/-/ramda-0.29.6.tgz#67af9b362da5d18316c8181fc13a0f3eeb17db55"
  integrity sha512-4XQ9hYQhCwOxfkoTsIPvDVXc75fY5+MLQHUpExX6ByvU1q+0vOYRLSjWAt1IydkE1hOuhwMH6KvV/9rhzgrvRw==
  dependencies:
    types-ramda "^0.29.5"

"@types/react-dom@^18.0.10":
  version "18.0.10"
  resolved "https://registry.npmjs.org/@types/react-dom/-/react-dom-18.0.10.tgz"
  integrity sha512-E42GW/JA4Qv15wQdqJq8DL4JhNpB3prJgjgapN3qJT9K2zO5IIAQh4VXvCEDupoqAwnz0cY4RlXeC/ajX5SFHg==
  dependencies:
    "@types/react" "*"

"@types/react@*", "@types/react@^18.0.27":
  version "18.0.27"
  resolved "https://registry.npmjs.org/@types/react/-/react-18.0.27.tgz"
  integrity sha512-3vtRKHgVxu3Jp9t718R9BuzoD4NcQ8YJ5XRzsSKxNDiDonD2MXIT1TmSkenxuCycZJoQT5d2vE8LwWJxBC1gmA==
  dependencies:
    "@types/prop-types" "*"
    "@types/scheduler" "*"
    csstype "^3.0.2"

"@types/scheduler@*":
  version "0.16.2"
  resolved "https://registry.npmjs.org/@types/scheduler/-/scheduler-0.16.2.tgz"
  integrity sha512-hppQEBDmlwhFAXKJX2KnWLYu5yMfi91yazPb2l+lbJiwW+wdo1gNeRA+3RgNSO39WYX2euey41KEwnqesU2Jew==

csstype@^3.0.2, csstype@^3.1.1:
  version "3.1.1"
  resolved "https://registry.npmjs.org/csstype/-/csstype-3.1.1.tgz"
  integrity sha512-DJR/VvkAvSZW9bTouZue2sSxDwdTN92uHjqeKVm+0dAqdfNykRzQ95tay8aXMBAAPpUiq4Qcug2L7neoRh2Egw==

observable-hooks@^4.2.3:
  version "4.2.3"
  resolved "https://registry.yarnpkg.com/observable-hooks/-/observable-hooks-4.2.3.tgz#69e3353caafd7887ad9030bd440b053304e8d2d1"
  integrity sha512-d6fYTIU+9sg1V+CT0GhgoE/ntjIqcy9DGaYGE6ELGVP4ojaWIEsaLvL/05hLOM+AL7aySN4DCTLvj6dDF9T8XA==

ramda@^0.29.1:
  version "0.29.1"
  resolved "https://registry.yarnpkg.com/ramda/-/ramda-0.29.1.tgz#408a6165b9555b7ba2fc62555804b6c5a2eca196"
  integrity sha512-OfxIeWzd4xdUNxlWhgFazxsA/nl3mS4/jGZI5n00uWOoSSFRhC1b6gl6xvmzUamgmqELraWp0J/qqVlXYPDPyA==

rxjs@^7.8.1:
  version "7.8.1"
  resolved "https://registry.yarnpkg.com/rxjs/-/rxjs-7.8.1.tgz#6f6f3d99ea8044291efd92e7c7fcf562c4057543"
  integrity sha512-AA3TVj+0A2iuIoQkWEK/tqFjBq2j+6PO6Y0zJcvzLAFhEFIO3HL0vls9hWLncZbAAbK0mar7oZ4V079I/qPMxg==
  dependencies:
    tslib "^2.1.0"

ts-toolbelt@^9.6.0:
  version "9.6.0"
  resolved "https://registry.yarnpkg.com/ts-toolbelt/-/ts-toolbelt-9.6.0.tgz#50a25426cfed500d4a09bd1b3afb6f28879edfd5"
  integrity sha512-nsZd8ZeNUzukXPlJmTBwUAuABDe/9qtVDelJeT/qW0ow3ZS3BsQJtNkan1802aM9Uf68/Y8ljw86Hu0h5IUW3w==

tslib@^2.1.0:
  version "2.6.2"
  resolved "https://registry.yarnpkg.com/tslib/-/tslib-2.6.2.tgz#703ac29425e7b37cd6fd456e92404d46d1f3e4ae"
  integrity sha512-AEYxH93jGFPn/a2iVAwW87VuUIkR1FVUKB77NwMF7nBTDkDrrT/Hpt/IrCJ0QXhW27jTBDcf5ZY7w6RiqTMw2Q==

types-ramda@^0.29.5:
  version "0.29.5"
  resolved "https://registry.yarnpkg.com/types-ramda/-/types-ramda-0.29.5.tgz#1cb0488d39eb72723a8f95af9b6dfe483e4f34a7"
  integrity sha512-u+bAYXHDPJR+amB0qMrMU/NXRB2PG8QqpO2v6j7yK/0mPZhlaaZj++ynYjnVpkPEpCkZEGxNpWY3X7qyLCGE3w==
  dependencies:
    ts-toolbelt "^9.6.0"
